
Microsoft Visual Studio Solution File, Format Version 12.00
# Visual Studio Version 16
Project("{8BC9CEB8-8B4A-11D0-8D11-00A0C91BC942}") = "ALL_BUILD", "ALL_BUILD.vcxproj", "{CA5DBAEF-7EB2-3F46-994D-9B3693B66BF1}"
	ProjectSection(ProjectDependencies) = postProject
		{8412092F-1C8D-3258-A784-558D97AA18C7} = {8412092F-1C8D-3258-A784-558D97AA18C7}
		{137406E9-F43F-3881-8447-5F341ABFC0E7} = {137406E9-F43F-3881-8447-5F341ABFC0E7}
	EndProjectSection
EndProject
Project("{8BC9CEB8-8B4A-11D0-8D11-00A0C91BC942}") = "CrossPE", "CrossPE.vcxproj", "{8412092F-1C8D-3258-A784-558D97AA18C7}"
	ProjectSection(ProjectDependencies) = postProject
		{137406E9-F43F-3881-8447-5F341ABFC0E7} = {137406E9-F43F-3881-8447-5F341ABFC0E7}
	EndProjectSection
EndProject
Project("{8BC9CEB8-8B4A-11D0-8D11-00A0C91BC942}") = "ZERO_CHECK", "ZERO_CHECK.vcxproj", "{137406E9-F43F-3881-8447-5F341ABFC0E7}"
	ProjectSection(ProjectDependencies) = postProject
	EndProjectSection
EndProject
Global
	GlobalSection(SolutionConfigurationPlatforms) = preSolution
		Debug|x64 = Debug|x64
		Release|x64 = Release|x64
		MinSizeRel|x64 = MinSizeRel|x64
		RelWithDebInfo|x64 = RelWithDebInfo|x64
	EndGlobalSection
	GlobalSection(ProjectConfigurationPlatforms) = postSolution
		{CA5DBAEF-7EB2-3F46-994D-9B3693B66BF1}.Debug|x64.ActiveCfg = Debug|x64
		{CA5DBAEF-7EB2-3F46-994D-9B3693B66BF1}.Release|x64.ActiveCfg = Release|x64
		{CA5DBAEF-7EB2-3F46-994D-9B3693B66BF1}.MinSizeRel|x64.ActiveCfg = MinSizeRel|x64
		{CA5DBAEF-7EB2-3F46-994D-9B3693B66BF1}.RelWithDebInfo|x64.ActiveCfg = RelWithDebInfo|x64
		{8412092F-1C8D-3258-A784-558D97AA18C7}.Debug|x64.ActiveCfg = Debug|x64
		{8412092F-1C8D-3258-A784-558D97AA18C7}.Debug|x64.Build.0 = Debug|x64
		{8412092F-1C8D-3258-A784-558D97AA18C7}.Release|x64.ActiveCfg = Release|x64
		{8412092F-1C8D-3258-A784-558D97AA18C7}.Release|x64.Build.0 = Release|x64
		{8412092F-1C8D-3258-A784-558D97AA18C7}.MinSizeRel|x64.ActiveCfg = MinSizeRel|x64
		{8412092F-1C8D-3258-A784-558D97AA18C7}.MinSizeRel|x64.Build.0 = MinSizeRel|x64
		{8412092F-1C8D-3258-A784-558D97AA18C7}.RelWithDebInfo|x64.ActiveCfg = RelWithDebInfo|x64
		{8412092F-1C8D-3258-A784-558D97AA18C7}.RelWithDebInfo|x64.Build.0 = RelWithDebInfo|x64
		{137406E9-F43F-3881-8447-5F341ABFC0E7}.Debug|x64.ActiveCfg = Debug|x64
		{137406E9-F43F-3881-8447-5F341ABFC0E7}.Debug|x64.Build.0 = Debug|x64
		{137406E9-F43F-3881-8447-5F341ABFC0E7}.Release|x64.ActiveCfg = Release|x64
		{137406E9-F43F-3881-8447-5F341ABFC0E7}.Release|x64.Build.0 = Release|x64
		{137406E9-F43F-3881-8447-5F341ABFC0E7}.MinSizeRel|x64.ActiveCfg = MinSizeRel|x64
		{137406E9-F43F-3881-8447-5F341ABFC0E7}.MinSizeRel|x64.Build.0 = MinSizeRel|x64
		{137406E9-F43F-3881-8447-5F341ABFC0E7}.RelWithDebInfo|x64.ActiveCfg = RelWithDebInfo|x64
		{137406E9-F43F-3881-8447-5F341ABFC0E7}.RelWithDebInfo|x64.Build.0 = RelWithDebInfo|x64
	EndGlobalSection
	GlobalSection(ExtensibilityGlobals) = postSolution
		SolutionGuid = {406045ED-4C27-3D49-9AA7-D03A824E1B3F}
	EndGlobalSection
	GlobalSection(ExtensibilityAddIns) = postSolution
	EndGlobalSection
EndGlobal
